
Microsoft Visual Studio Solution File, Format Version 12.00
# Visual Studio Version 16
VisualStudioVersion = 25.0.1705.1
MinimumVisualStudioVersion = 10.0.40219.1
Project("{FAE04EC0-301F-11D3-BF4B-00C04F79EFBC}") = "Malcrusted Key", "Malcrusted Key\Malcrusted Key.csproj", "{90D18B4A-4652-4B6A-B692-2A9737AA6583}"
EndProject
Global
	GlobalSection(SolutionConfigurationPlatforms) = preSolution
		Debug|Any CPU = Debug|Any CPU
		Release|Any CPU = Release|Any CPU
	EndGlobalSection
	GlobalSection(ProjectConfigurationPlatforms) = postSolution
		{90D18B4A-4652-4B6A-B692-2A9737AA6583}.Debug|Any CPU.ActiveCfg = Debug|Any CPU
		{90D18B4A-4652-4B6A-B692-2A9737AA6583}.Debug|Any CPU.Build.0 = Debug|Any CPU
		{90D18B4A-4652-4B6A-B692-2A9737AA6583}.Release|Any CPU.ActiveCfg = Release|Any CPU
		{90D18B4A-4652-4B6A-B692-2A9737AA6583}.Release|Any CPU.Build.0 = Release|Any CPU
	EndGlobalSection
	GlobalSection(SolutionProperties) = preSolution
		HideSolutionNode = FALSE
	EndGlobalSection
	GlobalSection(ExtensibilityGlobals) = postSolution
		SolutionGuid = {D51E0EC1-53DD-46C0-981D-B44164961016}
	EndGlobalSection
EndGlobal
