
Microsoft Visual Studio Solution File, Format Version 12.00
# Visual Studio Version 16
VisualStudioVersion = 25.0.1705.1
MinimumVisualStudioVersion = 10.0.40219.1
Project("{FAE04EC0-301F-11D3-BF4B-00C04F79EFBC}") = "Providirector", "Providirector.csproj", "{9EB344BA-00E6-44D0-9450-EACE8EC54D3B}"
EndProject
Global
	GlobalSection(SolutionConfigurationPlatforms) = preSolution
		Debug|Any CPU = Debug|Any CPU
		Release|Any CPU = Release|Any CPU
	EndGlobalSection
	GlobalSection(ProjectConfigurationPlatforms) = postSolution
		{9EB344BA-00E6-44D0-9450-EACE8EC54D3B}.Debug|Any CPU.ActiveCfg = Debug|Any CPU
		{9EB344BA-00E6-44D0-9450-EACE8EC54D3B}.Debug|Any CPU.Build.0 = Debug|Any CPU
		{9EB344BA-00E6-44D0-9450-EACE8EC54D3B}.Release|Any CPU.ActiveCfg = Release|Any CPU
		{9EB344BA-00E6-44D0-9450-EACE8EC54D3B}.Release|Any CPU.Build.0 = Release|Any CPU
	EndGlobalSection
	GlobalSection(SolutionProperties) = preSolution
		HideSolutionNode = FALSE
	EndGlobalSection
	GlobalSection(ExtensibilityGlobals) = postSolution
		SolutionGuid = {6A69092A-3032-4636-A3C9-47E7717150FA}
	EndGlobalSection
EndGlobal
